
Microsoft Visual Studio Solution File, Format Version 12.00
# Visual Studio Version 17
VisualStudioVersion = 17.4.33110.190
MinimumVisualStudioVersion = 10.0.40219.1
Project("{9A19103F-16F7-4668-BE54-9A1E7A4F7556}") = "TCC_WEB", "TCC_WEB.csproj", "{A0A35E23-1644-4B09-89F8-71821BCC78E1}"
EndProject
Global
	GlobalSection(SolutionConfigurationPlatforms) = preSolution
		Debug|Any CPU = Debug|Any CPU
		Release|Any CPU = Release|Any CPU
	EndGlobalSection
	GlobalSection(ProjectConfigurationPlatforms) = postSolution
		{A0A35E23-1644-4B09-89F8-71821BCC78E1}.Debug|Any CPU.ActiveCfg = Debug|Any CPU
		{A0A35E23-1644-4B09-89F8-71821BCC78E1}.Debug|Any CPU.Build.0 = Debug|Any CPU
		{A0A35E23-1644-4B09-89F8-71821BCC78E1}.Release|Any CPU.ActiveCfg = Release|Any CPU
		{A0A35E23-1644-4B09-89F8-71821BCC78E1}.Release|Any CPU.Build.0 = Release|Any CPU
	EndGlobalSection
	GlobalSection(SolutionProperties) = preSolution
		HideSolutionNode = FALSE
	EndGlobalSection
	GlobalSection(ExtensibilityGlobals) = postSolution
		SolutionGuid = {3BDAC0C7-4E28-4B06-A127-D06FB39B6403}
	EndGlobalSection
EndGlobal
